// !$*UTF8*$!
{
	archiveVersion = 1;
	classes = {
	};
	objectVersion = 50;
	objects = {

/* Begin PBXBuildFile section */
		84DB6DB125B34FCD00280FEF /* AppDelegate.swift in Sources */ = {isa = PBXBuildFile; fileRef = 84DB6DB025B34FCD00280FEF /* AppDelegate.swift */; };
		84DB6DB325B34FCD00280FEF /* SceneDelegate.swift in Sources */ = {isa = PBXBuildFile; fileRef = 84DB6DB225B34FCD00280FEF /* SceneDelegate.swift */; };
		84DB6DB825B34FCD00280FEF /* Main.storyboard in Resources */ = {isa = PBXBuildFile; fileRef = 84DB6DB625B34FCD00280FEF /* Main.storyboard */; };
		84DB6DBA25B34FD300280FEF /* Assets.xcassets in Resources */ = {isa = PBXBuildFile; fileRef = 84DB6DB925B34FD300280FEF /* Assets.xcassets */; };
		84DB6DBD25B34FD300280FEF /* LaunchScreen.storyboard in Resources */ = {isa = PBXBuildFile; fileRef = 84DB6DBB25B34FD300280FEF /* LaunchScreen.storyboard */; };
		84DB6DC725B3502800280FEF /* TableViewController.swift in Sources */ = {isa = PBXBuildFile; fileRef = 84DB6DC625B3502800280FEF /* TableViewController.swift */; };
		84DB6DCA25B350AB00280FEF /* NetworkManager.swift in Sources */ = {isa = PBXBuildFile; fileRef = 84DB6DC925B350AB00280FEF /* NetworkManager.swift */; };
		84DB6DCE25B3562800280FEF /* Model.swift in Sources */ = {isa = PBXBuildFile; fileRef = 84DB6DCD25B3562800280FEF /* Model.swift */; };
		84DB6DD225B3796E00280FEF /* CustomeTableViewCell.swift in Sources */ = {isa = PBXBuildFile; fileRef = 84DB6DD125B3796E00280FEF /* CustomeTableViewCell.swift */; };
		84DB6DD525B393BB00280FEF /* CustomeImageView.swift in Sources */ = {isa = PBXBuildFile; fileRef = 84DB6DD425B393BB00280FEF /* CustomeImageView.swift */; };
/* End PBXBuildFile section */

/* Begin PBXFileReference section */
		84DB6DAD25B34FCD00280FEF /* СacheApp.app */ = {isa = PBXFileReference; explicitFileType = wrapper.application; includeInIndex = 0; path = "СacheApp.app"; sourceTree = BUILT_PRODUCTS_DIR; };
		84DB6DB025B34FCD00280FEF /* AppDelegate.swift */ = {isa = PBXFileReference; lastKnownFileType = sourcecode.swift; path = AppDelegate.swift; sourceTree = "<group>"; };
		84DB6DB225B34FCD00280FEF /* SceneDelegate.swift */ = {isa = PBXFileReference; lastKnownFileType = sourcecode.swift; path = SceneDelegate.swift; sourceTree = "<group>"; };
		84DB6DB725B34FCD00280FEF /* Base */ = {isa = PBXFileReference; lastKnownFileType = file.storyboard; name = Base; path = Base.lproj/Main.storyboard; sourceTree = "<group>"; };
		84DB6DB925B34FD300280FEF /* Assets.xcassets */ = {isa = PBXFileReference; lastKnownFileType = folder.assetcatalog; path = Assets.xcassets; sourceTree = "<group>"; };
		84DB6DBC25B34FD300280FEF /* Base */ = {isa = PBXFileReference; lastKnownFileType = file.storyboard; name = Base; path = Base.lproj/LaunchScreen.storyboard; sourceTree = "<group>"; };
		84DB6DBE25B34FD300280FEF /* Info.plist */ = {isa = PBXFileReference; lastKnownFileType = text.plist.xml; path = Info.plist; sourceTree = "<group>"; };
		84DB6DC625B3502800280FEF /* TableViewController.swift */ = {isa = PBXFileReference; lastKnownFileType = sourcecode.swift; path = TableViewController.swift; sourceTree = "<group>"; };
		84DB6DC925B350AB00280FEF /* NetworkManager.swift */ = {isa = PBXFileReference; lastKnownFileType = sourcecode.swift; path = NetworkManager.swift; sourceTree = "<group>"; };
		84DB6DCD25B3562800280FEF /* Model.swift */ = {isa = PBXFileReference; lastKnownFileType = sourcecode.swift; path = Model.swift; sourceTree = "<group>"; };
		84DB6DD125B3796E00280FEF /* CustomeTableViewCell.swift */ = {isa = PBXFileReference; lastKnownFileType = sourcecode.swift; path = CustomeTableViewCell.swift; sourceTree = "<group>"; };
		84DB6DD425B393BB00280FEF /* CustomeImageView.swift */ = {isa = PBXFileReference; lastKnownFileType = sourcecode.swift; path = CustomeImageView.swift; sourceTree = "<group>"; };
/* End PBXFileReference section */

/* Begin PBXFrameworksBuildPhase section */
		84DB6DAA25B34FCD00280FEF /* Frameworks */ = {
			isa = PBXFrameworksBuildPhase;
			buildActionMask = 2147483647;
			files = (
			);
			runOnlyForDeploymentPostprocessing = 0;
		};
/* End PBXFrameworksBuildPhase section */

/* Begin PBXGroup section */
		84DB6DA425B34FCD00280FEF = {
			isa = PBXGroup;
			children = (
				84DB6DAF25B34FCD00280FEF /* СacheApp */,
				84DB6DAE25B34FCD00280FEF /* Products */,
			);
			sourceTree = "<group>";
		};
		84DB6DAE25B34FCD00280FEF /* Products */ = {
			isa = PBXGroup;
			children = (
				84DB6DAD25B34FCD00280FEF /* СacheApp.app */,
			);
			name = Products;
			sourceTree = "<group>";
		};
		84DB6DAF25B34FCD00280FEF /* СacheApp */ = {
			isa = PBXGroup;
			children = (
				84DB6DB025B34FCD00280FEF /* AppDelegate.swift */,
				84DB6DB225B34FCD00280FEF /* SceneDelegate.swift */,
				84DB6DB625B34FCD00280FEF /* Main.storyboard */,
				84DB6DC925B350AB00280FEF /* NetworkManager.swift */,
				84DB6DCD25B3562800280FEF /* Model.swift */,
				84DB6DC625B3502800280FEF /* TableViewController.swift */,
				84DB6DD125B3796E00280FEF /* CustomeTableViewCell.swift */,
				84DB6DD425B393BB00280FEF /* CustomeImageView.swift */,
				84DB6DB925B34FD300280FEF /* Assets.xcassets */,
				84DB6DBB25B34FD300280FEF /* LaunchScreen.storyboard */,
				84DB6DBE25B34FD300280FEF /* Info.plist */,
			);
			path = "СacheApp";
			sourceTree = "<group>";
		};
/* End PBXGroup section */

/* Begin PBXNativeTarget section */
		84DB6DAC25B34FCD00280FEF /* СacheApp */ = {
			isa = PBXNativeTarget;
			buildConfigurationList = 84DB6DC125B34FD300280FEF /* Build configuration list for PBXNativeTarget "СacheApp" */;
			buildPhases = (
				84DB6DA925B34FCD00280FEF /* Sources */,
				84DB6DAA25B34FCD00280FEF /* Frameworks */,
				84DB6DAB25B34FCD00280FEF /* Resources */,
			);
			buildRules = (
			);
			dependencies = (
			);
			name = "СacheApp";
			productName = "СacheApp";
			productReference = 84DB6DAD25B34FCD00280FEF /* СacheApp.app */;
			productType = "com.apple.product-type.application";
		};
/* End PBXNativeTarget section */

/* Begin PBXProject section */
		84DB6DA525B34FCD00280FEF /* Project object */ = {
			isa = PBXProject;
			attributes = {
				LastSwiftUpdateCheck = 1230;
				LastUpgradeCheck = 1230;
				TargetAttributes = {
					84DB6DAC25B34FCD00280FEF = {
						CreatedOnToolsVersion = 12.3;
					};
				};
			};
			buildConfigurationList = 84DB6DA825B34FCD00280FEF /* Build configuration list for PBXProject "СacheApp" */;
			compatibilityVersion = "Xcode 9.3";
			developmentRegion = en;
			hasScannedForEncodings = 0;
			knownRegions = (
				en,
				Base,
			);
			mainGroup = 84DB6DA425B34FCD00280FEF;
			productRefGroup = 84DB6DAE25B34FCD00280FEF /* Products */;
			projectDirPath = "";
			projectRoot = "";
			targets = (
				84DB6DAC25B34FCD00280FEF /* СacheApp */,
			);
		};
/* End PBXProject section */

/* Begin PBXResourcesBuildPhase section */
		84DB6DAB25B34FCD00280FEF /* Resources */ = {
			isa = PBXResourcesBuildPhase;
			buildActionMask = 2147483647;
			files = (
				84DB6DBD25B34FD300280FEF /* LaunchScreen.storyboard in Resources */,
				84DB6DBA25B34FD300280FEF /* Assets.xcassets in Resources */,
				84DB6DB825B34FCD00280FEF /* Main.storyboard in Resources */,
			);
			runOnlyForDeploymentPostprocessing = 0;
		};
/* End PBXResourcesBuildPhase section */

/* Begin PBXSourcesBuildPhase section */
		84DB6DA925B34FCD00280FEF /* Sources */ = {
			isa = PBXSourcesBuildPhase;
			buildActionMask = 2147483647;
			files = (
				84DB6DD225B3796E00280FEF /* CustomeTableViewCell.swift in Sources */,
				84DB6DCE25B3562800280FEF /* Model.swift in Sources */,
				84DB6DCA25B350AB00280FEF /* NetworkManager.swift in Sources */,
				84DB6DB125B34FCD00280FEF /* AppDelegate.swift in Sources */,
				84DB6DC725B3502800280FEF /* TableViewController.swift in Sources */,
				84DB6DB325B34FCD00280FEF /* SceneDelegate.swift in Sources */,
				84DB6DD525B393BB00280FEF /* CustomeImageView.swift in Sources */,
			);
			runOnlyForDeploymentPostprocessing = 0;
		};
/* End PBXSourcesBuildPhase section */

/* Begin PBXVariantGroup section */
		84DB6DB625B34FCD00280FEF /* Main.storyboard */ = {
			isa = PBXVariantGroup;
			children = (
				84DB6DB725B34FCD00280FEF /* Base */,
			);
			name = Main.storyboard;
			sourceTree = "<group>";
		};
		84DB6DBB25B34FD300280FEF /* LaunchScreen.storyboard */ = {
			isa = PBXVariantGroup;
			children = (
				84DB6DBC25B34FD300280FEF /* Base */,
			);
			name = LaunchScreen.storyboard;
			sourceTree = "<group>";
		};
/* End PBXVariantGroup section */

/* Begin XCBuildConfiguration section */
		84DB6DBF25B34FD300280FEF /* Debug */ = {
			isa = XCBuildConfiguration;
			buildSettings = {
				ALWAYS_SEARCH_USER_PATHS = NO;
				CLANG_ANALYZER_NONNULL = YES;
				CLANG_ANALYZER_NUMBER_OBJECT_CONVERSION = YES_AGGRESSIVE;
				CLANG_CXX_LANGUAGE_STANDARD = "gnu++14";
				CLANG_CXX_LIBRARY = "libc++";
				CLANG_ENABLE_MODULES = YES;
				CLANG_ENABLE_OBJC_ARC = YES;
				CLANG_ENABLE_OBJC_WEAK = YES;
				CLANG_WARN_BLOCK_CAPTURE_AUTORELEASING = YES;
				CLANG_WARN_BOOL_CONVERSION = YES;
				CLANG_WARN_COMMA = YES;
				CLANG_WARN_CONSTANT_CONVERSION = YES;
				CLANG_WARN_DEPRECATED_OBJC_IMPLEMENTATIONS = YES;
				CLANG_WARN_DIRECT_OBJC_ISA_USAGE = YES_ERROR;
				CLANG_WARN_DOCUMENTATION_COMMENTS = YES;
				CLANG_WARN_EMPTY_BODY = YES;
				CLANG_WARN_ENUM_CONVERSION = YES;
				CLANG_WARN_INFINITE_RECURSION = YES;
				CLANG_WARN_INT_CONVERSION = YES;
				CLANG_WARN_NON_LITERAL_NULL_CONVERSION = YES;
				CLANG_WARN_OBJC_IMPLICIT_RETAIN_SELF = YES;
				CLANG_WARN_OBJC_LITERAL_CONVERSION = YES;
				CLANG_WARN_OBJC_ROOT_CLASS = YES_ERROR;
				CLANG_WARN_QUOTED_INCLUDE_IN_FRAMEWORK_HEADER = YES;
				CLANG_WARN_RANGE_LOOP_ANALYSIS = YES;
				CLANG_WARN_STRICT_PROTOTYPES = YES;
				CLANG_WARN_SUSPICIOUS_MOVE = YES;
				CLANG_WARN_UNGUARDED_AVAILABILITY = YES_AGGRESSIVE;
				CLANG_WARN_UNREACHABLE_CODE = YES;
				CLANG_WARN__DUPLICATE_METHOD_MATCH = YES;
				COPY_PHASE_STRIP = NO;
				DEBUG_INFORMATION_FORMAT = dwarf;
				ENABLE_STRICT_OBJC_MSGSEND = YES;
				ENABLE_TESTABILITY = YES;
				GCC_C_LANGUAGE_STANDARD = gnu11;
				GCC_DYNAMIC_NO_PIC = NO;
				GCC_NO_COMMON_BLOCKS = YES;
				GCC_OPTIMIZATION_LEVEL = 0;
				GCC_PREPROCESSOR_DEFINITIONS = (
					"DEBUG=1",
					"$(inherited)",
				);
				GCC_WARN_64_TO_32_BIT_CONVERSION = YES;
				GCC_WARN_ABOUT_RETURN_TYPE = YES_ERROR;
				GCC_WARN_UNDECLARED_SELECTOR = YES;
				GCC_WARN_UNINITIALIZED_AUTOS = YES_AGGRESSIVE;
				GCC_WARN_UNUSED_FUNCTION = YES;
				GCC_WARN_UNUSED_VARIABLE = YES;
				IPHONEOS_DEPLOYMENT_TARGET = 14.3;
				MTL_ENABLE_DEBUG_INFO = INCLUDE_SOURCE;
				MTL_FAST_MATH = YES;
				ONLY_ACTIVE_ARCH = YES;
				SDKROOT = iphoneos;
				SWIFT_ACTIVE_COMPILATION_CONDITIONS = DEBUG;
				SWIFT_OPTIMIZATION_LEVEL = "-Onone";
			};
			name = Debug;
		};
		84DB6DC025B34FD300280FEF /* Release */ = {
			isa = XCBuildConfiguration;
			buildSettings = {
				ALWAYS_SEARCH_USER_PATHS = NO;
				CLANG_ANALYZER_NONNULL = YES;
				CLANG_ANALYZER_NUMBER_OBJECT_CONVERSION = YES_AGGRESSIVE;
				CLANG_CXX_LANGUAGE_STANDARD = "gnu++14";
				CLANG_CXX_LIBRARY = "libc++";
				CLANG_ENABLE_MODULES = YES;
				CLANG_ENABLE_OBJC_ARC = YES;
				CLANG_ENABLE_OBJC_WEAK = YES;
				CLANG_WARN_BLOCK_CAPTURE_AUTORELEASING = YES;
				CLANG_WARN_BOOL_CONVERSION = YES;
				CLANG_WARN_COMMA = YES;
				CLANG_WARN_CONSTANT_CONVERSION = YES;
				CLANG_WARN_DEPRECATED_OBJC_IMPLEMENTATIONS = YES;
				CLANG_WARN_DIRECT_OBJC_ISA_USAGE = YES_ERROR;
				CLANG_WARN_DOCUMENTATION_COMMENTS = YES;
				CLANG_WARN_EMPTY_BODY = YES;
				CLANG_WARN_ENUM_CONVERSION = YES;
				CLANG_WARN_INFINITE_RECURSION = YES;
				CLANG_WARN_INT_CONVERSION = YES;
				CLANG_WARN_NON_LITERAL_NULL_CONVERSION = YES;
				CLANG_WARN_OBJC_IMPLICIT_RETAIN_SELF = YES;
				CLANG_WARN_OBJC_LITERAL_CONVERSION = YES;
				CLANG_WARN_OBJC_ROOT_CLASS = YES_ERROR;
				CLANG_WARN_QUOTED_INCLUDE_IN_FRAMEWORK_HEADER = YES;
				CLANG_WARN_RANGE_LOOP_ANALYSIS = YES;
				CLANG_WARN_STRICT_PROTOTYPES = YES;
				CLANG_WARN_SUSPICIOUS_MOVE = YES;
				CLANG_WARN_UNGUARDED_AVAILABILITY = YES_AGGRESSIVE;
				CLANG_WARN_UNREACHABLE_CODE = YES;
				CLANG_WARN__DUPLICATE_METHOD_MATCH = YES;
				COPY_PHASE_STRIP = NO;
				DEBUG_INFORMATION_FORMAT = "dwarf-with-dsym";
				ENABLE_NS_ASSERTIONS = NO;
				ENABLE_STRICT_OBJC_MSGSEND = YES;
				GCC_C_LANGUAGE_STANDARD = gnu11;
				GCC_NO_COMMON_BLOCKS = YES;
				GCC_WARN_64_TO_32_BIT_CONVERSION = YES;
				GCC_WARN_ABOUT_RETURN_TYPE = YES_ERROR;
				GCC_WARN_UNDECLARED_SELECTOR = YES;
				GCC_WARN_UNINITIALIZED_AUTOS = YES_AGGRESSIVE;
				GCC_WARN_UNUSED_FUNCTION = YES;
				GCC_WARN_UNUSED_VARIABLE = YES;
				IPHONEOS_DEPLOYMENT_TARGET = 14.3;
				MTL_ENABLE_DEBUG_INFO = NO;
				MTL_FAST_MATH = YES;
				SDKROOT = iphoneos;
				SWIFT_COMPILATION_MODE = wholemodule;
				SWIFT_OPTIMIZATION_LEVEL = "-O";
				VALIDATE_PRODUCT = YES;
			};
			name = Release;
		};
		84DB6DC225B34FD300280FEF /* Debug */ = {
			isa = XCBuildConfiguration;
			buildSettings = {
				ASSETCATALOG_COMPILER_APPICON_NAME = AppIcon;
				ASSETCATALOG_COMPILER_GLOBAL_ACCENT_COLOR_NAME = AccentColor;
				CODE_SIGN_STYLE = Automatic;
				DEVELOPMENT_TEAM = 7769A574Q6;
				INFOPLIST_FILE = "СacheApp/Info.plist";
				LD_RUNPATH_SEARCH_PATHS = (
					"$(inherited)",
					"@executable_path/Frameworks",
				);
				PRODUCT_BUNDLE_IDENTIFIER = "yevhenShevchenko.-acheApp";
				PRODUCT_NAME = "$(TARGET_NAME)";
				SWIFT_VERSION = 5.0;
				TARGETED_DEVICE_FAMILY = "1,2";
			};
			name = Debug;
		};
		84DB6DC325B34FD300280FEF /* Release */ = {
			isa = XCBuildConfiguration;
			buildSettings = {
				ASSETCATALOG_COMPILER_APPICON_NAME = AppIcon;
				ASSETCATALOG_COMPILER_GLOBAL_ACCENT_COLOR_NAME = AccentColor;
				CODE_SIGN_STYLE = Automatic;
				DEVELOPMENT_TEAM = 7769A574Q6;
				INFOPLIST_FILE = "СacheApp/Info.plist";
				LD_RUNPATH_SEARCH_PATHS = (
					"$(inherited)",
					"@executable_path/Frameworks",
				);
				PRODUCT_BUNDLE_IDENTIFIER = "yevhenShevchenko.-acheApp";
				PRODUCT_NAME = "$(TARGET_NAME)";
				SWIFT_VERSION = 5.0;
				TARGETED_DEVICE_FAMILY = "1,2";
			};
			name = Release;
		};
/* End XCBuildConfiguration section */

/* Begin XCConfigurationList section */
		84DB6DA825B34FCD00280FEF /* Build configuration list for PBXProject "СacheApp" */ = {
			isa = XCConfigurationList;
			buildConfigurations = (
				84DB6DBF25B34FD300280FEF /* Debug */,
				84DB6DC025B34FD300280FEF /* Release */,
			);
			defaultConfigurationIsVisible = 0;
			defaultConfigurationName = Release;
		};
		84DB6DC125B34FD300280FEF /* Build configuration list for PBXNativeTarget "СacheApp" */ = {
			isa = XCConfigurationList;
			buildConfigurations = (
				84DB6DC225B34FD300280FEF /* Debug */,
				84DB6DC325B34FD300280FEF /* Release */,
			);
			defaultConfigurationIsVisible = 0;
			defaultConfigurationName = Release;
		};
/* End XCConfigurationList section */
	};
	rootObject = 84DB6DA525B34FCD00280FEF /* Project object */;
}
